{
    "version": 3,
    "terraform_version": "0.7.13",
    "serial": 3,
    "lineage": "874fb51c-3103-43b2-89d1-2ecb82772904",
    "modules": [
        {
            "path": [
                "root"
            ],
            "outputs": {},
            "resources": {
                "aws_efs_file_system.cosmos-efs": {
                    "type": "aws_efs_file_system",
                    "depends_on": [],
                    "primary": {
                        "id": "fs-5c1bccf5",
                        "attributes": {
                            "creation_token": "terraform-201704260314369077202292js",
                            "id": "fs-5c1bccf5",
                            "performance_mode": "generalPurpose",
                            "tags.%": "1",
                            "tags.Name": "cosmo-efs"
                        },
                        "meta": {},
                        "tainted": false
                    },
                    "deposed": [],
                    "provider": ""
                },
                "aws_efs_mount_target.client-mount-target": {
                    "type": "aws_efs_mount_target",
                    "depends_on": [
                        "aws_efs_file_system.cosmos-efs"
                    ],
                    "primary": {
                        "id": "fsmt-9395453a",
                        "attributes": {
                            "dns_name": "us-west-2b.fs-5c1bccf5.efs.us-west-2.amazonaws.com",
                            "file_system_id": "fs-5c1bccf5",
                            "id": "fsmt-9395453a",
                            "ip_address": "10.0.200.39",
                            "network_interface_id": "eni-0c13ee27",
                            "security_groups.#": "1",
                            "security_groups.2413404226": "sg-ec2fc797",
                            "subnet_id": "subnet-d76203b0"
                        },
                        "meta": {},
                        "tainted": false
                    },
                    "deposed": [],
                    "provider": ""
                },
                "aws_instance.cosmos-alpine-mirror": {
                    "type": "aws_instance",
                    "depends_on": [
                        "aws_efs_mount_target.client-mount-target",
                        "aws_security_group.cosmos-alpine-mirror"
                    ],
                    "primary": {
                        "id": "i-09b1968009e8e1299",
                        "attributes": {
                            "ami": "ami-a58d0dc5",
                            "associate_public_ip_address": "true",
                            "availability_zone": "us-west-2b",
                            "disable_api_termination": "false",
                            "ebs_block_device.#": "0",
                            "ebs_optimized": "false",
                            "ephemeral_block_device.#": "0",
                            "iam_instance_profile": "",
                            "id": "i-09b1968009e8e1299",
                            "instance_state": "running",
                            "instance_type": "t2.small",
                            "key_name": "cosmos-admin2",
                            "monitoring": "false",
                            "network_interface_id": "eni-7300fd58",
                            "private_dns": "ip-10-0-200-54.us-west-2.compute.internal",
                            "private_ip": "10.0.200.54",
                            "public_dns": "ec2-35-162-187-87.us-west-2.compute.amazonaws.com",
                            "public_ip": "35.162.187.87",
                            "root_block_device.#": "1",
                            "root_block_device.0.delete_on_termination": "true",
                            "root_block_device.0.iops": "100",
                            "root_block_device.0.volume_size": "8",
                            "root_block_device.0.volume_type": "gp2",
                            "security_groups.#": "0",
                            "source_dest_check": "false",
                            "subnet_id": "subnet-d76203b0",
                            "tags.%": "1",
                            "tags.Name": "cosmos-alpine-mirror",
                            "tenancy": "default",
                            "vpc_security_group_ids.#": "1",
                            "vpc_security_group_ids.1499909658": "sg-9c2faae7"
                        },
                        "meta": {
                            "schema_version": "1"
                        },
                        "tainted": true
                    },
                    "deposed": [],
                    "provider": ""
                },
                "aws_key_pair.cosmos-admin": {
                    "type": "aws_key_pair",
                    "depends_on": [],
                    "primary": {
                        "id": "cosmos-admin2",
                        "attributes": {
                            "fingerprint": "13:f6:6a:83:bc:8e:1a:04:1d:27:49:a6:df:d0:01:bb",
                            "id": "cosmos-admin2",
                            "key_name": "cosmos-admin2",
                            "public_key": "ssh-rsa AAAAB3NzaC1yc2EAAAADAQABAAABAQDyXBNH/KCBD0gQriYyG+0u+hG/Knbdw8O+KyxZxKUffgpHHsBBKGhY5RFSjPsP5y5xGlWJU9z4N8ikQKQ5D0D9Qihdb70Eeandz30grkACiGNuT7y8DWGvvE/MzYA3a4RiEY3VyravWCBAQ0fKa/c3aSy9HMU1jxfMi4EVUijrULkLFDnjDrKNT4h2u22t5YVXxhMySKiuhyVG4+xXTj8vMffJkbssz1CXN0RU7rWS0cKKRa2ii/iSBS4P/T4ZbzOeKDII2Mzt+CIG8GAsbouIdhMfkd1d1I67CP+7AX3FgYyIU8Yqpjo5NKu5Nf4KTTbB067c4Jm5b+VrMwftFtOD root@ubuntu-xenial"
                        },
                        "meta": {
                            "schema_version": "1"
                        },
                        "tainted": false
                    },
                    "deposed": [],
                    "provider": ""
                },
                "aws_security_group.cosmos-alpine-mirror": {
                    "type": "aws_security_group",
                    "depends_on": [],
                    "primary": {
                        "id": "sg-9c2faae7",
                        "attributes": {
                            "description": "Allow incoming traffic",
                            "egress.#": "1",
                            "egress.482069346.cidr_blocks.#": "1",
                            "egress.482069346.cidr_blocks.0": "0.0.0.0/0",
                            "egress.482069346.from_port": "0",
                            "egress.482069346.prefix_list_ids.#": "0",
                            "egress.482069346.protocol": "-1",
                            "egress.482069346.security_groups.#": "0",
                            "egress.482069346.self": "false",
                            "egress.482069346.to_port": "0",
                            "id": "sg-9c2faae7",
                            "ingress.#": "2",
                            "ingress.2214680975.cidr_blocks.#": "1",
                            "ingress.2214680975.cidr_blocks.0": "0.0.0.0/0",
                            "ingress.2214680975.from_port": "80",
                            "ingress.2214680975.protocol": "tcp",
                            "ingress.2214680975.security_groups.#": "0",
                            "ingress.2214680975.self": "false",
                            "ingress.2214680975.to_port": "80",
                            "ingress.2541437006.cidr_blocks.#": "1",
                            "ingress.2541437006.cidr_blocks.0": "0.0.0.0/0",
                            "ingress.2541437006.from_port": "22",
                            "ingress.2541437006.protocol": "tcp",
                            "ingress.2541437006.security_groups.#": "0",
                            "ingress.2541437006.self": "false",
                            "ingress.2541437006.to_port": "22",
                            "name": "cosmos-alpine-mirror-sg",
                            "owner_id": "452395698705",
                            "tags.%": "1",
                            "tags.Name": "cosmos-vrouter-SG",
                            "vpc_id": "vpc-d3367db4"
                        },
                        "meta": {},
                        "tainted": false
                    },
                    "deposed": [],
                    "provider": ""
                }
            },
            "depends_on": []
        }
    ]
}
